github.com/BurntSushi/toml v0.3.1/go.mod h1:xHWCNGjB5oqiDr8zfno3MHue2Ht5sIBksp03qcyfWMU=
github.com/google/subcommands v1.2.0 h1:vWQspBTo2nEqTUFita5/KeEWlUL8kQObDFbub/EN9oE=
github.com/google/subcommands v1.2.0/go.mod h1:ZjhPrFU+Olkh9WazFPsl27BQ4UPiG37m3yTrtFlrHVk=
github.com/nickng/bibtex v1.2.0 h1:b+buRQja8xk27I9nCd3o+OujB8E8CRKbubAgHsrd4Kk=
github.com/nickng/bibtex v1.2.0/go.mod h1:4BJ3ka/ZjGVXcHOlkzlRonex6U17L3kW6ICEsygP2bg=
github.com/pkg/diff v0.0.0-20210226163009-20ebb0f2a09e h1:aoZm08cpOy4WuID//EZDgcC4zIxODThtZNPirFr42+A=
github.com/pkg/diff v0.0.0-20210226163009-20ebb0f2a09e/go.mod h1:pJLUxLENpZxwdsKMEsNbx1VGcRFpLqf3715MtcvvzbA=
github.com/rogpeppe/go-internal v1.9.1-0.20230209130841-f0583b8402aa h1:ffzRZUxPxKUZiv+XButQiigyMv4dEvynFqEYbkFsHDw=
github.com/rogpeppe/go-internal v1.9.1-0.20230209130841-f0583b8402aa/go.mod h1:4DOBFiuQsmS6qjl8rsAMyM0e8miaqS/Wnm+9jQ5RiOU=
