github.com/kr/pretty v0.1.0/go.mod h1:dAy3ld7l9f0ibDNOQOHHMYYIIbhfbHSm3C4ZsoJORNo=
github.com/kr/pty v1.1.1/go.mod h1:pFQYn66WHrOpPYNljwOMqo10TkYh1fy3cYio2l3bCsQ=
github.com/kr/text v0.1.0/go.mod h1:4Jbv+DJW3UT/LiOwJeYQe1efqtUx/iVham/4vfdArNI=
github.com/nickng/bibtex v1.0.1 h1:Uop3DVOdQdrTamXfxr65f9KyHrd4RhttXwHi1BY6Wk0=
github.com/nickng/bibtex v1.0.1/go.mod h1:0qHZj8RRrLaGXyPoF9odM3M1EX1HnWiwACyR3wgGf8U=
github.com/nickng/bibtex v1.0.2-0.20170410163118-3e4de45b43c0 h1:uuKndhwMzcknAERRpPFSU3BRyVbGhBhAqQUk/OcPFeI=
github.com/nickng/bibtex v1.0.2-0.20170410163118-3e4de45b43c0/go.mod h1:0qHZj8RRrLaGXyPoF9odM3M1EX1HnWiwACyR3wgGf8U=
github.com/rogpeppe/go-internal v1.5.2 h1:qLvObTrvO/XRCqmkKxUlOBc48bI3efyDuAZe25QiF0w=
github.com/rogpeppe/go-internal v1.5.2/go.mod h1:xXDCJY+GAPziupqXw64V24skbSoqbTEfhy4qGm1nDQc=
golang.org/x/xerrors v0.0.0-20191204190536-9bdfabe68543 h1:E7g+9GITq07hpfrRu66IVDexMakfv52eLZ2CXBWiKr4=
golang.org/x/xerrors v0.0.0-20191204190536-9bdfabe68543/go.mod h1:I/5z698sn9Ka8TeJc9MKroUUfqBBauWjQqLJ2OPfmY0=
gopkg.in/check.v1 v1.0.0-20180628173108-788fd7840127/go.mod h1:Co6ibVJAznAaIkqp8huTwlJQCZ016jof/cbN4VW5Yz0=
gopkg.in/errgo.v2 v2.1.0 h1:0vLT13EuvQ0hNvakwLuFZ/jYrLp5F3kcWHXdRggjCE8=
gopkg.in/errgo.v2 v2.1.0/go.mod h1:hNsd1EY+bozCKY1Ytp96fpM3vjJbqLJn88ws8XvfDNI=
